
Microsoft Visual Studio Solution File, Format Version 12.00
# Visual Studio Version 17
VisualStudioVersion = 17.14.36109.1 d17.14
MinimumVisualStudioVersion = 10.0.40219.1
Project("{FAE04EC0-301F-11D3-BF4B-00C04F79EFBC}") = "ExamenJuanPabloMurillo", "ExamenJuanPabloMurillo\ExamenJuanPabloMurillo.csproj", "{ADA61E70-93FF-4465-A18D-A289DF9A8419}"
EndProject
Global
	GlobalSection(SolutionConfigurationPlatforms) = preSolution
		Debug|Any CPU = Debug|Any CPU
		Release|Any CPU = Release|Any CPU
	EndGlobalSection
	GlobalSection(ProjectConfigurationPlatforms) = postSolution
		{ADA61E70-93FF-4465-A18D-A289DF9A8419}.Debug|Any CPU.ActiveCfg = Debug|Any CPU
		{ADA61E70-93FF-4465-A18D-A289DF9A8419}.Debug|Any CPU.Build.0 = Debug|Any CPU
		{ADA61E70-93FF-4465-A18D-A289DF9A8419}.Release|Any CPU.ActiveCfg = Release|Any CPU
		{ADA61E70-93FF-4465-A18D-A289DF9A8419}.Release|Any CPU.Build.0 = Release|Any CPU
	EndGlobalSection
	GlobalSection(SolutionProperties) = preSolution
		HideSolutionNode = FALSE
	EndGlobalSection
	GlobalSection(ExtensibilityGlobals) = postSolution
		SolutionGuid = {CFFE56B7-E497-43EC-8971-6D90FA3F0423}
	EndGlobalSection
EndGlobal
